
Microsoft Visual Studio Solution File, Format Version 11.00
# Visual C++ Express 2010
Project("{8BC9CEB8-8B4A-11D0-8D11-00A0C91BC942}") = "test3", "test3\test3.vcxproj", "{D40BB2D2-250D-4CB9-97C9-5D01F0AB84DF}"
EndProject
Global
	GlobalSection(SolutionConfigurationPlatforms) = preSolution
		Debug|Win32 = Debug|Win32
		Release|Win32 = Release|Win32
	EndGlobalSection
	GlobalSection(ProjectConfigurationPlatforms) = postSolution
		{D40BB2D2-250D-4CB9-97C9-5D01F0AB84DF}.Debug|Win32.ActiveCfg = Debug|Win32
		{D40BB2D2-250D-4CB9-97C9-5D01F0AB84DF}.Debug|Win32.Build.0 = Debug|Win32
		{D40BB2D2-250D-4CB9-97C9-5D01F0AB84DF}.Release|Win32.ActiveCfg = Release|Win32
		{D40BB2D2-250D-4CB9-97C9-5D01F0AB84DF}.Release|Win32.Build.0 = Release|Win32
	EndGlobalSection
	GlobalSection(SolutionProperties) = preSolution
		HideSolutionNode = FALSE
	EndGlobalSection
EndGlobal
